
Microsoft Visual Studio Solution File, Format Version 12.00
# Visual Studio 15
VisualStudioVersion = 15.0.28307.168
MinimumVisualStudioVersion = 10.0.40219.1
Project("{FAE04EC0-301F-11D3-BF4B-00C04F79EFBC}") = "M01", "M01\M01.csproj", "{B73759EF-DFDE-4CE5-A2B7-DEEDEF8AECA2}"
EndProject
Global
	GlobalSection(SolutionConfigurationPlatforms) = preSolution
		Debug|Any CPU = Debug|Any CPU
		Release|Any CPU = Release|Any CPU
	EndGlobalSection
	GlobalSection(ProjectConfigurationPlatforms) = postSolution
		{B73759EF-DFDE-4CE5-A2B7-DEEDEF8AECA2}.Debug|Any CPU.ActiveCfg = Debug|Any CPU
		{B73759EF-DFDE-4CE5-A2B7-DEEDEF8AECA2}.Debug|Any CPU.Build.0 = Debug|Any CPU
		{B73759EF-DFDE-4CE5-A2B7-DEEDEF8AECA2}.Release|Any CPU.ActiveCfg = Release|Any CPU
		{B73759EF-DFDE-4CE5-A2B7-DEEDEF8AECA2}.Release|Any CPU.Build.0 = Release|Any CPU
	EndGlobalSection
	GlobalSection(SolutionProperties) = preSolution
		HideSolutionNode = FALSE
	EndGlobalSection
	GlobalSection(ExtensibilityGlobals) = postSolution
		SolutionGuid = {BBFC8DE3-B1D2-4A87-A3FB-FB6E8AC30F8E}
	EndGlobalSection
EndGlobal
